# @generated - this file is auto-generated by `mise lock` https://mise.en.dev/dev-tools/mise-lock.html

[[tools.cloud-sql-proxy]]
version = "2.21.3"
backend = "asdf:cloud-sql-proxy"

[[tools.doctl]]
version = "1.155.0"
backend = "asdf:doctl"

[[tools.gcloud]]
version = "566.0.0"
backend = "asdf:gcloud"

[[tools.glab]]
version = "1.93.0"
backend = "gitlab:gitlab-org/cli"

[tools.glab."platforms.linux-arm64"]
checksum = "sha256:8d336072e190e540c1ecb187c17d039b3ab408cbb6f1b3c843327a77033145d0"
url = "https://gitlab.com/gitlab-org/cli/-/releases/v1.93.0/downloads/glab_1.93.0_linux_arm64.tar.gz"
url_api = "https://gitlab.com/api/v4/projects/gitlab-org%2Fcli/packages/generic/glab/1%2E93%2E0/glab_1%2E93%2E0_linux_arm64%2Etar%2Egz"

[tools.glab."platforms.linux-arm64-musl"]
checksum = "sha256:8d336072e190e540c1ecb187c17d039b3ab408cbb6f1b3c843327a77033145d0"
url = "https://gitlab.com/gitlab-org/cli/-/releases/v1.93.0/downloads/glab_1.93.0_linux_arm64.tar.gz"
url_api = "https://gitlab.com/api/v4/projects/gitlab-org%2Fcli/packages/generic/glab/1%2E93%2E0/glab_1%2E93%2E0_linux_arm64%2Etar%2Egz"

[tools.glab."platforms.linux-x64"]
checksum = "sha256:300f3c12bd75f298747364f382f978bbe63809ef660bb2969925f343f9c20ae4"
url = "https://gitlab.com/gitlab-org/cli/-/releases/v1.93.0/downloads/glab_1.93.0_linux_amd64.tar.gz"
url_api = "https://gitlab.com/api/v4/projects/gitlab-org%2Fcli/packages/generic/glab/1%2E93%2E0/glab_1%2E93%2E0_linux_amd64%2Etar%2Egz"

[tools.glab."platforms.linux-x64-musl"]
checksum = "sha256:300f3c12bd75f298747364f382f978bbe63809ef660bb2969925f343f9c20ae4"
url = "https://gitlab.com/gitlab-org/cli/-/releases/v1.93.0/downloads/glab_1.93.0_linux_amd64.tar.gz"
url_api = "https://gitlab.com/api/v4/projects/gitlab-org%2Fcli/packages/generic/glab/1%2E93%2E0/glab_1%2E93%2E0_linux_amd64%2Etar%2Egz"

[tools.glab."platforms.macos-arm64"]
checksum = "sha256:6d6ffa97d430b5e7ff912e64dbac14703acc57967df654be1950ae71858d5b6f"
url = "https://gitlab.com/gitlab-org/cli/-/releases/v1.93.0/downloads/glab_1.93.0_darwin_arm64.tar.gz"
url_api = "https://gitlab.com/api/v4/projects/gitlab-org%2Fcli/packages/generic/glab/1%2E93%2E0/glab_1%2E93%2E0_darwin_arm64%2Etar%2Egz"

[tools.glab."platforms.macos-x64"]
checksum = "sha256:79d1a4f933919689c5fb7774feb1dd08f30b9c896dff4283b4a7387689ee0531"
url = "https://gitlab.com/gitlab-org/cli/-/releases/v1.93.0/downloads/glab_1.93.0_darwin_amd64.tar.gz"
url_api = "https://gitlab.com/api/v4/projects/gitlab-org%2Fcli/packages/generic/glab/1%2E93%2E0/glab_1%2E93%2E0_darwin_amd64%2Etar%2Egz"

[tools.glab."platforms.windows-x64"]
checksum = "sha256:e07ea21f9a3df8eac5e1c16136c186154769504355a44195b47c44e410a39097"
url = "https://gitlab.com/gitlab-org/cli/-/releases/v1.93.0/downloads/glab_1.93.0_windows_amd64.zip"
url_api = "https://gitlab.com/api/v4/projects/gitlab-org%2Fcli/packages/generic/glab/1%2E93%2E0/glab_1%2E93%2E0_windows_amd64%2Ezip"

[[tools."npm:graphql"]]
version = "16.13.2"
backend = "npm:graphql"

[[tools."npm:graphql-language-service-cli"]]
version = "3.5.0"
backend = "npm:graphql-language-service-cli"

[[tools."npm:opencollective"]]
version = "1.0.3"
backend = "npm:opencollective"
