# @generated - this file is auto-generated by `mise lock` https://mise.en.dev/dev-tools/mise-lock.html

[[tools."cargo:https://github.com/rtk-ai/rtk"]]
version = "HEAD"
backend = "cargo:https://github.com/rtk-ai/rtk"

[[tools."cargo:tuicr"]]
version = "0.10.0"
backend = "cargo:tuicr"

[[tools.opencode]]
version = "1.14.33"
backend = "aqua:sst/opencode"

[tools.opencode."platforms.linux-arm64"]
checksum = "sha256:3cfa593defe2b8fbfb55f05f1671a64666aeca2cec1be81a9db7d3bb1694b4ed"
url = "https://github.com/anomalyco/opencode/releases/download/v1.14.33/opencode-linux-arm64.tar.gz"

[tools.opencode."platforms.linux-arm64-musl"]
checksum = "sha256:121202811d5554c217775af8943b250df54b656bccf9019cd29c293de3ea9698"
url = "https://github.com/anomalyco/opencode/releases/download/v1.14.33/opencode-linux-arm64-musl.tar.gz"

[tools.opencode."platforms.linux-x64"]
checksum = "sha256:ab3de3d40a67573419ec74916210cf90dcf8c180dc9d8052db71ac9f55c28810"
url = "https://github.com/anomalyco/opencode/releases/download/v1.14.33/opencode-linux-x64.tar.gz"

[tools.opencode."platforms.linux-x64-musl"]
checksum = "sha256:d231d87a8edb71eb760db8d9ead5b76fd774a97a7d58c8f9d75d4a0225153771"
url = "https://github.com/anomalyco/opencode/releases/download/v1.14.33/opencode-linux-x64-musl.tar.gz"

[tools.opencode."platforms.macos-arm64"]
checksum = "sha256:ae9142115ca1998941ce41ee379e502c13a7b4861c80fd5c1a70477a5f85dba3"
url = "https://github.com/anomalyco/opencode/releases/download/v1.14.33/opencode-darwin-arm64.zip"

[tools.opencode."platforms.macos-x64"]
checksum = "sha256:56c252b0bd20a430e8b3d39e31763af717540d07a14963fb36421f3abdfe7f86"
url = "https://github.com/anomalyco/opencode/releases/download/v1.14.33/opencode-darwin-x64.zip"

[tools.opencode."platforms.windows-x64"]
checksum = "sha256:d2173c38bb7be4a51da4495cc726e5733e4af9a19a45f1c376c409530b8981b0"
url = "https://github.com/anomalyco/opencode/releases/download/v1.14.33/opencode-windows-x64.zip"
